# @generated by Move, please check-in and do not edit manually.

[move]
version = 2
manifest_digest = "53D6E4AE4E2A1AF6DD326C0F82ED513DE9AD6EAB98AFA0CC2A0C302710E61FD4"
deps_digest = "F9B494B64F0615AED0E98FC12A85B85ECD2BC5185C22D30E7F67786BB52E507C"
dependencies = [
  { name = "DeepBook" },
  { name = "Dex" },
  { name = "MoveStdlib" },
  { name = "Sui" },
]

[[move.package]]
name = "DeepBook"
source = { git = "https://github.com/MystenLabs/sui.git", rev = "testnet-v1.26.0", subdir = "crates/sui-framework/packages/deepbook" }

dependencies = [
  { name = "MoveStdlib" },
  { name = "Sui" },
]

[[move.package]]
name = "Dex"
source = { local = "../dex" }

dependencies = [
  { name = "DeepBook" },
  { name = "MoveStdlib" },
  { name = "Sui" },
]

[[move.package]]
name = "MoveStdlib"
source = { git = "https://github.com/MystenLabs/sui.git", rev = "testnet-v1.26.0", subdir = "crates/sui-framework/packages/move-stdlib" }

[[move.package]]
name = "Sui"
source = { git = "https://github.com/MystenLabs/sui.git", rev = "testnet-v1.26.0", subdir = "crates/sui-framework/packages/sui-framework" }

dependencies = [
  { name = "MoveStdlib" },
]

[move.toolchain-version]
compiler-version = "1.26.0"
edition = "legacy"
flavor = "sui"

[env]

[env.testnet]
chain-id = "4c78adac"
original-published-id = "0xd5942ea1160759e69f52787bb808b5ca1e52d06aac87491ce88075343749fcf9"
latest-published-id = "0xd5942ea1160759e69f52787bb808b5ca1e52d06aac87491ce88075343749fcf9"
published-version = "1"
